# THIS IS AN AUTOGENERATED FILE. DO NOT EDIT THIS FILE DIRECTLY.
# yarn lockfile v1


foundation-sites@^6.5.1:
  version "6.5.3"
  resolved "https://registry.yarnpkg.com/foundation-sites/-/foundation-sites-6.5.3.tgz#85373aaed72233ca0d16fdfcb034e976cc6943c9"

jquery@>=2.2.0:
  version "3.3.1"
  resolved "https://registry.yarnpkg.com/jquery/-/jquery-3.3.1.tgz#958ce29e81c9790f31be7792df5d4d95fc57fbca"

motion-ui@^1.2.3:
  version "1.2.3"
  resolved "https://registry.yarnpkg.com/motion-ui/-/motion-ui-1.2.3.tgz#9f7e17f0d66a15e9ee549023e6f3de1139a2e166"
  dependencies:
    jquery ">=2.2.0"

what-input@4.1.0:
  version "4.1.0"
  resolved "https://registry.yarnpkg.com/what-input/-/what-input-4.1.0.tgz#769045de74a83debaea2e55e9dae99310868f6df"
